
Microsoft Visual Studio Solution File, Format Version 12.00
# Visual Studio 15
VisualStudioVersion = 15.0.28010.2019
MinimumVisualStudioVersion = 10.0.40219.1
Project("{FAE04EC0-301F-11D3-BF4B-00C04F79EFBC}") = "TicTacToe", "TicTacToe.csproj", "{F211625B-526D-43A2-87E4-489DCD12C20D}"
EndProject
Global
	GlobalSection(SolutionConfigurationPlatforms) = preSolution
		Debug|Any CPU = Debug|Any CPU
		Release|Any CPU = Release|Any CPU
	EndGlobalSection
	GlobalSection(ProjectConfigurationPlatforms) = postSolution
		{F211625B-526D-43A2-87E4-489DCD12C20D}.Debug|Any CPU.ActiveCfg = Debug|Any CPU
		{F211625B-526D-43A2-87E4-489DCD12C20D}.Debug|Any CPU.Build.0 = Debug|Any CPU
		{F211625B-526D-43A2-87E4-489DCD12C20D}.Release|Any CPU.ActiveCfg = Release|Any CPU
		{F211625B-526D-43A2-87E4-489DCD12C20D}.Release|Any CPU.Build.0 = Release|Any CPU
	EndGlobalSection
	GlobalSection(SolutionProperties) = preSolution
		HideSolutionNode = FALSE
	EndGlobalSection
	GlobalSection(ExtensibilityGlobals) = postSolution
		SolutionGuid = {8496B9B4-C380-4E75-BF97-6AFD1213E5FA}
	EndGlobalSection
EndGlobal
